// !$*UTF8*$!
{
	archiveVersion = 1;
	classes = {
	};
	objectVersion = 46;
	objects = {

/* Begin PBXBuildFile section */
		6E156B3C19A3E371005EF606 /* pinblack_smaller.png in Resources */ = {isa = PBXBuildFile; fileRef = 6E156B3B19A3E371005EF606 /* pinblack_smaller.png */; };
		6E19118019A3A46E00BA4F62 /* Foundation.framework in Frameworks */ = {isa = PBXBuildFile; fileRef = 6E19117F19A3A46E00BA4F62 /* Foundation.framework */; };
		6E19118219A3A46E00BA4F62 /* CoreGraphics.framework in Frameworks */ = {isa = PBXBuildFile; fileRef = 6E19118119A3A46E00BA4F62 /* CoreGraphics.framework */; };
		6E19118419A3A46E00BA4F62 /* UIKit.framework in Frameworks */ = {isa = PBXBuildFile; fileRef = 6E19118319A3A46E00BA4F62 /* UIKit.framework */; };
		6E19118A19A3A46E00BA4F62 /* InfoPlist.strings in Resources */ = {isa = PBXBuildFile; fileRef = 6E19118819A3A46E00BA4F62 /* InfoPlist.strings */; };
		6E19118C19A3A46E00BA4F62 /* main.m in Sources */ = {isa = PBXBuildFile; fileRef = 6E19118B19A3A46E00BA4F62 /* main.m */; };
		6E19119019A3A46E00BA4F62 /* AppDelegate.m in Sources */ = {isa = PBXBuildFile; fileRef = 6E19118F19A3A46E00BA4F62 /* AppDelegate.m */; };
		6E19119319A3A46E00BA4F62 /* Main_iPhone.storyboard in Resources */ = {isa = PBXBuildFile; fileRef = 6E19119119A3A46E00BA4F62 /* Main_iPhone.storyboard */; };
		6E19119619A3A46E00BA4F62 /* Main_iPad.storyboard in Resources */ = {isa = PBXBuildFile; fileRef = 6E19119419A3A46E00BA4F62 /* Main_iPad.storyboard */; };
		6E19119919A3A46E00BA4F62 /* ViewController.m in Sources */ = {isa = PBXBuildFile; fileRef = 6E19119819A3A46E00BA4F62 /* ViewController.m */; };
		6E19119B19A3A46E00BA4F62 /* Images.xcassets in Resources */ = {isa = PBXBuildFile; fileRef = 6E19119A19A3A46E00BA4F62 /* Images.xcassets */; };
		6E1911A219A3A46E00BA4F62 /* XCTest.framework in Frameworks */ = {isa = PBXBuildFile; fileRef = 6E1911A119A3A46E00BA4F62 /* XCTest.framework */; };
		6E1911A319A3A46E00BA4F62 /* Foundation.framework in Frameworks */ = {isa = PBXBuildFile; fileRef = 6E19117F19A3A46E00BA4F62 /* Foundation.framework */; };
		6E1911A419A3A46E00BA4F62 /* UIKit.framework in Frameworks */ = {isa = PBXBuildFile; fileRef = 6E19118319A3A46E00BA4F62 /* UIKit.framework */; };
		6E1911AC19A3A46E00BA4F62 /* InfoPlist.strings in Resources */ = {isa = PBXBuildFile; fileRef = 6E1911AA19A3A46E00BA4F62 /* InfoPlist.strings */; };
		6E1911AE19A3A46E00BA4F62 /* FoursquareMapViewTests.m in Sources */ = {isa = PBXBuildFile; fileRef = 6E1911AD19A3A46E00BA4F62 /* FoursquareMapViewTests.m */; };
		6E1911B819A3A54400BA4F62 /* MapKit.framework in Frameworks */ = {isa = PBXBuildFile; fileRef = 6E1911B719A3A54400BA4F62 /* MapKit.framework */; };
		6E1911BB19A3A69200BA4F62 /* MainService.m in Sources */ = {isa = PBXBuildFile; fileRef = 6E1911BA19A3A69200BA4F62 /* MainService.m */; };
		6E1911BF19A3B98900BA4F62 /* Location.m in Sources */ = {isa = PBXBuildFile; fileRef = 6E1911BE19A3B98900BA4F62 /* Location.m */; };
		6E1911C319A3BDA100BA4F62 /* pin.png in Resources */ = {isa = PBXBuildFile; fileRef = 6E1911C219A3BDA100BA4F62 /* pin.png */; };
		6E1911C519A3C36A00BA4F62 /* pinblack.png in Resources */ = {isa = PBXBuildFile; fileRef = 6E1911C419A3C36A00BA4F62 /* pinblack.png */; };
		6E1911C919A3C66B00BA4F62 /* pinblack_small.png in Resources */ = {isa = PBXBuildFile; fileRef = 6E1911C819A3C66B00BA4F62 /* pinblack_small.png */; };
		6E23103A19A3C94D00677D4F /* exit.png in Resources */ = {isa = PBXBuildFile; fileRef = 6E23103919A3C94D00677D4F /* exit.png */; };
		6E23103D19A3C9DC00677D4F /* VenueViewController.m in Sources */ = {isa = PBXBuildFile; fileRef = 6E23103C19A3C9DC00677D4F /* VenueViewController.m */; };
		6E23103F19A3E09900677D4F /* maps.png in Resources */ = {isa = PBXBuildFile; fileRef = 6E23103E19A3E09900677D4F /* maps.png */; };
		6E23104119A3E0A100677D4F /* directions.png in Resources */ = {isa = PBXBuildFile; fileRef = 6E23104019A3E0A100677D4F /* directions.png */; };
		C0CC3FE2844948F5862EE892 /* libPods.a in Frameworks */ = {isa = PBXBuildFile; fileRef = CBE9F3E7F609472B8E423B71 /* libPods.a */; };
/* End PBXBuildFile section */

/* Begin PBXContainerItemProxy section */
		6E1911A519A3A46E00BA4F62 /* PBXContainerItemProxy */ = {
			isa = PBXContainerItemProxy;
			containerPortal = 6E19117419A3A46E00BA4F62 /* Project object */;
			proxyType = 1;
			remoteGlobalIDString = 6E19117B19A3A46E00BA4F62;
			remoteInfo = FoursquareMapView;
		};
/* End PBXContainerItemProxy section */

/* Begin PBXFileReference section */
		6E156B3B19A3E371005EF606 /* pinblack_smaller.png */ = {isa = PBXFileReference; lastKnownFileType = image.png; path = pinblack_smaller.png; sourceTree = "<group>"; };
		6E19117C19A3A46E00BA4F62 /* FoursquareMapView.app */ = {isa = PBXFileReference; explicitFileType = wrapper.application; includeInIndex = 0; path = FoursquareMapView.app; sourceTree = BUILT_PRODUCTS_DIR; };
		6E19117F19A3A46E00BA4F62 /* Foundation.framework */ = {isa = PBXFileReference; lastKnownFileType = wrapper.framework; name = Foundation.framework; path = System/Library/Frameworks/Foundation.framework; sourceTree = SDKROOT; };
		6E19118119A3A46E00BA4F62 /* CoreGraphics.framework */ = {isa = PBXFileReference; lastKnownFileType = wrapper.framework; name = CoreGraphics.framework; path = System/Library/Frameworks/CoreGraphics.framework; sourceTree = SDKROOT; };
		6E19118319A3A46E00BA4F62 /* UIKit.framework */ = {isa = PBXFileReference; lastKnownFileType = wrapper.framework; name = UIKit.framework; path = System/Library/Frameworks/UIKit.framework; sourceTree = SDKROOT; };
		6E19118719A3A46E00BA4F62 /* FoursquareMapView-Info.plist */ = {isa = PBXFileReference; lastKnownFileType = text.plist.xml; path = "FoursquareMapView-Info.plist"; sourceTree = "<group>"; };
		6E19118919A3A46E00BA4F62 /* en */ = {isa = PBXFileReference; lastKnownFileType = text.plist.strings; name = en; path = en.lproj/InfoPlist.strings; sourceTree = "<group>"; };
		6E19118B19A3A46E00BA4F62 /* main.m */ = {isa = PBXFileReference; lastKnownFileType = sourcecode.c.objc; path = main.m; sourceTree = "<group>"; };
		6E19118D19A3A46E00BA4F62 /* FoursquareMapView-Prefix.pch */ = {isa = PBXFileReference; lastKnownFileType = sourcecode.c.h; path = "FoursquareMapView-Prefix.pch"; sourceTree = "<group>"; };
		6E19118E19A3A46E00BA4F62 /* AppDelegate.h */ = {isa = PBXFileReference; lastKnownFileType = sourcecode.c.h; path = AppDelegate.h; sourceTree = "<group>"; };
		6E19118F19A3A46E00BA4F62 /* AppDelegate.m */ = {isa = PBXFileReference; lastKnownFileType = sourcecode.c.objc; path = AppDelegate.m; sourceTree = "<group>"; };
		6E19119219A3A46E00BA4F62 /* Base */ = {isa = PBXFileReference; lastKnownFileType = file.storyboard; name = Base; path = Base.lproj/Main_iPhone.storyboard; sourceTree = "<group>"; };
		6E19119519A3A46E00BA4F62 /* Base */ = {isa = PBXFileReference; lastKnownFileType = file.storyboard; name = Base; path = Base.lproj/Main_iPad.storyboard; sourceTree = "<group>"; };
		6E19119719A3A46E00BA4F62 /* ViewController.h */ = {isa = PBXFileReference; lastKnownFileType = sourcecode.c.h; path = ViewController.h; sourceTree = "<group>"; };
		6E19119819A3A46E00BA4F62 /* ViewController.m */ = {isa = PBXFileReference; lastKnownFileType = sourcecode.c.objc; path = ViewController.m; sourceTree = "<group>"; };
		6E19119A19A3A46E00BA4F62 /* Images.xcassets */ = {isa = PBXFileReference; lastKnownFileType = folder.assetcatalog; path = Images.xcassets; sourceTree = "<group>"; };
		6E1911A019A3A46E00BA4F62 /* FoursquareMapViewTests.xctest */ = {isa = PBXFileReference; explicitFileType = wrapper.cfbundle; includeInIndex = 0; path = FoursquareMapViewTests.xctest; sourceTree = BUILT_PRODUCTS_DIR; };
		6E1911A119A3A46E00BA4F62 /* XCTest.framework */ = {isa = PBXFileReference; lastKnownFileType = wrapper.framework; name = XCTest.framework; path = Library/Frameworks/XCTest.framework; sourceTree = DEVELOPER_DIR; };
		6E1911A919A3A46E00BA4F62 /* FoursquareMapViewTests-Info.plist */ = {isa = PBXFileReference; lastKnownFileType = text.plist.xml; path = "FoursquareMapViewTests-Info.plist"; sourceTree = "<group>"; };
		6E1911AB19A3A46E00BA4F62 /* en */ = {isa = PBXFileReference; lastKnownFileType = text.plist.strings; name = en; path = en.lproj/InfoPlist.strings; sourceTree = "<group>"; };
		6E1911AD19A3A46E00BA4F62 /* FoursquareMapViewTests.m */ = {isa = PBXFileReference; lastKnownFileType = sourcecode.c.objc; path = FoursquareMapViewTests.m; sourceTree = "<group>"; };
		6E1911B719A3A54400BA4F62 /* MapKit.framework */ = {isa = PBXFileReference; lastKnownFileType = wrapper.framework; name = MapKit.framework; path = System/Library/Frameworks/MapKit.framework; sourceTree = SDKROOT; };
		6E1911B919A3A69200BA4F62 /* MainService.h */ = {isa = PBXFileReference; fileEncoding = 4; lastKnownFileType = sourcecode.c.h; name = MainService.h; path = Services/MainService.h; sourceTree = "<group>"; };
		6E1911BA19A3A69200BA4F62 /* MainService.m */ = {isa = PBXFileReference; fileEncoding = 4; lastKnownFileType = sourcecode.c.objc; name = MainService.m; path = Services/MainService.m; sourceTree = "<group>"; };
		6E1911BD19A3B98900BA4F62 /* Location.h */ = {isa = PBXFileReference; fileEncoding = 4; lastKnownFileType = sourcecode.c.h; name = Location.h; path = Location/Location.h; sourceTree = "<group>"; };
		6E1911BE19A3B98900BA4F62 /* Location.m */ = {isa = PBXFileReference; fileEncoding = 4; lastKnownFileType = sourcecode.c.objc; name = Location.m; path = Location/Location.m; sourceTree = "<group>"; };
		6E1911C219A3BDA100BA4F62 /* pin.png */ = {isa = PBXFileReference; lastKnownFileType = image.png; path = pin.png; sourceTree = "<group>"; };
		6E1911C419A3C36A00BA4F62 /* pinblack.png */ = {isa = PBXFileReference; lastKnownFileType = image.png; path = pinblack.png; sourceTree = "<group>"; };
		6E1911C719A3C3B200BA4F62 /* Constants.h */ = {isa = PBXFileReference; lastKnownFileType = sourcecode.c.h; name = Constants.h; path = Helpers/Constants.h; sourceTree = "<group>"; };
		6E1911C819A3C66B00BA4F62 /* pinblack_small.png */ = {isa = PBXFileReference; lastKnownFileType = image.png; path = pinblack_small.png; sourceTree = "<group>"; };
		6E23103919A3C94D00677D4F /* exit.png */ = {isa = PBXFileReference; lastKnownFileType = image.png; path = exit.png; sourceTree = "<group>"; };
		6E23103B19A3C9DC00677D4F /* VenueViewController.h */ = {isa = PBXFileReference; fileEncoding = 4; lastKnownFileType = sourcecode.c.h; path = VenueViewController.h; sourceTree = "<group>"; };
		6E23103C19A3C9DC00677D4F /* VenueViewController.m */ = {isa = PBXFileReference; fileEncoding = 4; lastKnownFileType = sourcecode.c.objc; path = VenueViewController.m; sourceTree = "<group>"; };
		6E23103E19A3E09900677D4F /* maps.png */ = {isa = PBXFileReference; lastKnownFileType = image.png; path = maps.png; sourceTree = "<group>"; };
		6E23104019A3E0A100677D4F /* directions.png */ = {isa = PBXFileReference; lastKnownFileType = image.png; path = directions.png; sourceTree = "<group>"; };
		CBE9F3E7F609472B8E423B71 /* libPods.a */ = {isa = PBXFileReference; explicitFileType = archive.ar; includeInIndex = 0; path = libPods.a; sourceTree = BUILT_PRODUCTS_DIR; };
		D9BFE52A7A2A42139572BAF9 /* Pods.xcconfig */ = {isa = PBXFileReference; includeInIndex = 1; lastKnownFileType = text.xcconfig; name = Pods.xcconfig; path = Pods/Pods.xcconfig; sourceTree = "<group>"; };
/* End PBXFileReference section */

/* Begin PBXFrameworksBuildPhase section */
		6E19117919A3A46E00BA4F62 /* Frameworks */ = {
			isa = PBXFrameworksBuildPhase;
			buildActionMask = 2147483647;
			files = (
				6E1911B819A3A54400BA4F62 /* MapKit.framework in Frameworks */,
				6E19118219A3A46E00BA4F62 /* CoreGraphics.framework in Frameworks */,
				6E19118419A3A46E00BA4F62 /* UIKit.framework in Frameworks */,
				6E19118019A3A46E00BA4F62 /* Foundation.framework in Frameworks */,
				C0CC3FE2844948F5862EE892 /* libPods.a in Frameworks */,
			);
			runOnlyForDeploymentPostprocessing = 0;
		};
		6E19119D19A3A46E00BA4F62 /* Frameworks */ = {
			isa = PBXFrameworksBuildPhase;
			buildActionMask = 2147483647;
			files = (
				6E1911A219A3A46E00BA4F62 /* XCTest.framework in Frameworks */,
				6E1911A419A3A46E00BA4F62 /* UIKit.framework in Frameworks */,
				6E1911A319A3A46E00BA4F62 /* Foundation.framework in Frameworks */,
			);
			runOnlyForDeploymentPostprocessing = 0;
		};
/* End PBXFrameworksBuildPhase section */

/* Begin PBXGroup section */
		6E19117319A3A46E00BA4F62 = {
			isa = PBXGroup;
			children = (
				6E19118519A3A46E00BA4F62 /* FoursquareMapView */,
				6E1911A719A3A46E00BA4F62 /* FoursquareMapViewTests */,
				6E19117E19A3A46E00BA4F62 /* Frameworks */,
				6E19117D19A3A46E00BA4F62 /* Products */,
				D9BFE52A7A2A42139572BAF9 /* Pods.xcconfig */,
			);
			sourceTree = "<group>";
		};
		6E19117D19A3A46E00BA4F62 /* Products */ = {
			isa = PBXGroup;
			children = (
				6E19117C19A3A46E00BA4F62 /* FoursquareMapView.app */,
				6E1911A019A3A46E00BA4F62 /* FoursquareMapViewTests.xctest */,
			);
			name = Products;
			sourceTree = "<group>";
		};
		6E19117E19A3A46E00BA4F62 /* Frameworks */ = {
			isa = PBXGroup;
			children = (
				6E1911B719A3A54400BA4F62 /* MapKit.framework */,
				6E19117F19A3A46E00BA4F62 /* Foundation.framework */,
				6E19118119A3A46E00BA4F62 /* CoreGraphics.framework */,
				6E19118319A3A46E00BA4F62 /* UIKit.framework */,
				6E1911A119A3A46E00BA4F62 /* XCTest.framework */,
				CBE9F3E7F609472B8E423B71 /* libPods.a */,
			);
			name = Frameworks;
			sourceTree = "<group>";
		};
		6E19118519A3A46E00BA4F62 /* FoursquareMapView */ = {
			isa = PBXGroup;
			children = (
				6E19118E19A3A46E00BA4F62 /* AppDelegate.h */,
				6E19118F19A3A46E00BA4F62 /* AppDelegate.m */,
				6E19119119A3A46E00BA4F62 /* Main_iPhone.storyboard */,
				6E19119419A3A46E00BA4F62 /* Main_iPad.storyboard */,
				6E19119719A3A46E00BA4F62 /* ViewController.h */,
				6E19119819A3A46E00BA4F62 /* ViewController.m */,
				6E23103B19A3C9DC00677D4F /* VenueViewController.h */,
				6E23103C19A3C9DC00677D4F /* VenueViewController.m */,
				6E1911C019A3B98D00BA4F62 /* Location */,
				6E1911BC19A3A69A00BA4F62 /* Services */,
				6E1911C619A3C37D00BA4F62 /* Helpers */,
				6E19119A19A3A46E00BA4F62 /* Images.xcassets */,
				6E19118619A3A46E00BA4F62 /* Supporting Files */,
			);
			path = FoursquareMapView;
			sourceTree = "<group>";
		};
		6E19118619A3A46E00BA4F62 /* Supporting Files */ = {
			isa = PBXGroup;
			children = (
				6E1911C119A3BD8400BA4F62 /* Images */,
				6E19118719A3A46E00BA4F62 /* FoursquareMapView-Info.plist */,
				6E19118819A3A46E00BA4F62 /* InfoPlist.strings */,
				6E19118B19A3A46E00BA4F62 /* main.m */,
				6E19118D19A3A46E00BA4F62 /* FoursquareMapView-Prefix.pch */,
			);
			name = "Supporting Files";
			sourceTree = "<group>";
		};
		6E1911A719A3A46E00BA4F62 /* FoursquareMapViewTests */ = {
			isa = PBXGroup;
			children = (
				6E1911AD19A3A46E00BA4F62 /* FoursquareMapViewTests.m */,
				6E1911A819A3A46E00BA4F62 /* Supporting Files */,
			);
			path = FoursquareMapViewTests;
			sourceTree = "<group>";
		};
		6E1911A819A3A46E00BA4F62 /* Supporting Files */ = {
			isa = PBXGroup;
			children = (
				6E1911A919A3A46E00BA4F62 /* FoursquareMapViewTests-Info.plist */,
				6E1911AA19A3A46E00BA4F62 /* InfoPlist.strings */,
			);
			name = "Supporting Files";
			sourceTree = "<group>";
		};
		6E1911BC19A3A69A00BA4F62 /* Services */ = {
			isa = PBXGroup;
			children = (
				6E1911B919A3A69200BA4F62 /* MainService.h */,
				6E1911BA19A3A69200BA4F62 /* MainService.m */,
			);
			name = Services;
			sourceTree = "<group>";
		};
		6E1911C019A3B98D00BA4F62 /* Location */ = {
			isa = PBXGroup;
			children = (
				6E1911BD19A3B98900BA4F62 /* Location.h */,
				6E1911BE19A3B98900BA4F62 /* Location.m */,
			);
			name = Location;
			sourceTree = "<group>";
		};
		6E1911C119A3BD8400BA4F62 /* Images */ = {
			isa = PBXGroup;
			children = (
				6E156B3B19A3E371005EF606 /* pinblack_smaller.png */,
				6E23104019A3E0A100677D4F /* directions.png */,
				6E23103E19A3E09900677D4F /* maps.png */,
				6E23103919A3C94D00677D4F /* exit.png */,
				6E1911C819A3C66B00BA4F62 /* pinblack_small.png */,
				6E1911C419A3C36A00BA4F62 /* pinblack.png */,
				6E1911C219A3BDA100BA4F62 /* pin.png */,
			);
			name = Images;
			sourceTree = "<group>";
		};
		6E1911C619A3C37D00BA4F62 /* Helpers */ = {
			isa = PBXGroup;
			children = (
				6E1911C719A3C3B200BA4F62 /* Constants.h */,
			);
			name = Helpers;
			sourceTree = "<group>";
		};
/* End PBXGroup section */

/* Begin PBXNativeTarget section */
		6E19117B19A3A46E00BA4F62 /* FoursquareMapView */ = {
			isa = PBXNativeTarget;
			buildConfigurationList = 6E1911B119A3A46E00BA4F62 /* Build configuration list for PBXNativeTarget "FoursquareMapView" */;
			buildPhases = (
				D18C1D94BB55497E85F66EFE /* Check Pods Manifest.lock */,
				6E19117819A3A46E00BA4F62 /* Sources */,
				6E19117919A3A46E00BA4F62 /* Frameworks */,
				6E19117A19A3A46E00BA4F62 /* Resources */,
				37148ACBEDC04D7CB7915673 /* Copy Pods Resources */,
			);
			buildRules = (
			);
			dependencies = (
			);
			name = FoursquareMapView;
			productName = FoursquareMapView;
			productReference = 6E19117C19A3A46E00BA4F62 /* FoursquareMapView.app */;
			productType = "com.apple.product-type.application";
		};
		6E19119F19A3A46E00BA4F62 /* FoursquareMapViewTests */ = {
			isa = PBXNativeTarget;
			buildConfigurationList = 6E1911B419A3A46E00BA4F62 /* Build configuration list for PBXNativeTarget "FoursquareMapViewTests" */;
			buildPhases = (
				6E19119C19A3A46E00BA4F62 /* Sources */,
				6E19119D19A3A46E00BA4F62 /* Frameworks */,
				6E19119E19A3A46E00BA4F62 /* Resources */,
			);
			buildRules = (
			);
			dependencies = (
				6E1911A619A3A46E00BA4F62 /* PBXTargetDependency */,
			);
			name = FoursquareMapViewTests;
			productName = FoursquareMapViewTests;
			productReference = 6E1911A019A3A46E00BA4F62 /* FoursquareMapViewTests.xctest */;
			productType = "com.apple.product-type.bundle.unit-test";
		};
/* End PBXNativeTarget section */

/* Begin PBXProject section */
		6E19117419A3A46E00BA4F62 /* Project object */ = {
			isa = PBXProject;
			attributes = {
				LastUpgradeCheck = 0510;
				ORGANIZATIONNAME = "Arturo Murillo";
				TargetAttributes = {
					6E19119F19A3A46E00BA4F62 = {
						TestTargetID = 6E19117B19A3A46E00BA4F62;
					};
				};
			};
			buildConfigurationList = 6E19117719A3A46E00BA4F62 /* Build configuration list for PBXProject "FoursquareMapView" */;
			compatibilityVersion = "Xcode 3.2";
			developmentRegion = English;
			hasScannedForEncodings = 0;
			knownRegions = (
				en,
				Base,
			);
			mainGroup = 6E19117319A3A46E00BA4F62;
			productRefGroup = 6E19117D19A3A46E00BA4F62 /* Products */;
			projectDirPath = "";
			projectRoot = "";
			targets = (
				6E19117B19A3A46E00BA4F62 /* FoursquareMapView */,
				6E19119F19A3A46E00BA4F62 /* FoursquareMapViewTests */,
			);
		};
/* End PBXProject section */

/* Begin PBXResourcesBuildPhase section */
		6E19117A19A3A46E00BA4F62 /* Resources */ = {
			isa = PBXResourcesBuildPhase;
			buildActionMask = 2147483647;
			files = (
				6E19119619A3A46E00BA4F62 /* Main_iPad.storyboard in Resources */,
				6E19119B19A3A46E00BA4F62 /* Images.xcassets in Resources */,
				6E23103F19A3E09900677D4F /* maps.png in Resources */,
				6E23104119A3E0A100677D4F /* directions.png in Resources */,
				6E1911C919A3C66B00BA4F62 /* pinblack_small.png in Resources */,
				6E19119319A3A46E00BA4F62 /* Main_iPhone.storyboard in Resources */,
				6E1911C319A3BDA100BA4F62 /* pin.png in Resources */,
				6E156B3C19A3E371005EF606 /* pinblack_smaller.png in Resources */,
				6E23103A19A3C94D00677D4F /* exit.png in Resources */,
				6E19118A19A3A46E00BA4F62 /* InfoPlist.strings in Resources */,
				6E1911C519A3C36A00BA4F62 /* pinblack.png in Resources */,
			);
			runOnlyForDeploymentPostprocessing = 0;
		};
		6E19119E19A3A46E00BA4F62 /* Resources */ = {
			isa = PBXResourcesBuildPhase;
			buildActionMask = 2147483647;
			files = (
				6E1911AC19A3A46E00BA4F62 /* InfoPlist.strings in Resources */,
			);
			runOnlyForDeploymentPostprocessing = 0;
		};
/* End PBXResourcesBuildPhase section */

/* Begin PBXShellScriptBuildPhase section */
		37148ACBEDC04D7CB7915673 /* Copy Pods Resources */ = {
			isa = PBXShellScriptBuildPhase;
			buildActionMask = 2147483647;
			files = (
			);
			inputPaths = (
			);
			name = "Copy Pods Resources";
			outputPaths = (
			);
			runOnlyForDeploymentPostprocessing = 0;
			shellPath = /bin/sh;
			shellScript = "\"${SRCROOT}/Pods/Pods-resources.sh\"\n";
			showEnvVarsInLog = 0;
		};
		D18C1D94BB55497E85F66EFE /* Check Pods Manifest.lock */ = {
			isa = PBXShellScriptBuildPhase;
			buildActionMask = 2147483647;
			files = (
			);
			inputPaths = (
			);
			name = "Check Pods Manifest.lock";
			outputPaths = (
			);
			runOnlyForDeploymentPostprocessing = 0;
			shellPath = /bin/sh;
			shellScript = "diff \"${PODS_ROOT}/../Podfile.lock\" \"${PODS_ROOT}/Manifest.lock\" > /dev/null\nif [[ $? != 0 ]] ; then\n    cat << EOM\nerror: The sandbox is not in sync with the Podfile.lock. Run 'pod install' or update your CocoaPods installation.\nEOM\n    exit 1\nfi\n";
			showEnvVarsInLog = 0;
		};
/* End PBXShellScriptBuildPhase section */

/* Begin PBXSourcesBuildPhase section */
		6E19117819A3A46E00BA4F62 /* Sources */ = {
			isa = PBXSourcesBuildPhase;
			buildActionMask = 2147483647;
			files = (
				6E19119919A3A46E00BA4F62 /* ViewController.m in Sources */,
				6E1911BF19A3B98900BA4F62 /* Location.m in Sources */,
				6E19119019A3A46E00BA4F62 /* AppDelegate.m in Sources */,
				6E1911BB19A3A69200BA4F62 /* MainService.m in Sources */,
				6E23103D19A3C9DC00677D4F /* VenueViewController.m in Sources */,
				6E19118C19A3A46E00BA4F62 /* main.m in Sources */,
			);
			runOnlyForDeploymentPostprocessing = 0;
		};
		6E19119C19A3A46E00BA4F62 /* Sources */ = {
			isa = PBXSourcesBuildPhase;
			buildActionMask = 2147483647;
			files = (
				6E1911AE19A3A46E00BA4F62 /* FoursquareMapViewTests.m in Sources */,
			);
			runOnlyForDeploymentPostprocessing = 0;
		};
/* End PBXSourcesBuildPhase section */

/* Begin PBXTargetDependency section */
		6E1911A619A3A46E00BA4F62 /* PBXTargetDependency */ = {
			isa = PBXTargetDependency;
			target = 6E19117B19A3A46E00BA4F62 /* FoursquareMapView */;
			targetProxy = 6E1911A519A3A46E00BA4F62 /* PBXContainerItemProxy */;
		};
/* End PBXTargetDependency section */

/* Begin PBXVariantGroup section */
		6E19118819A3A46E00BA4F62 /* InfoPlist.strings */ = {
			isa = PBXVariantGroup;
			children = (
				6E19118919A3A46E00BA4F62 /* en */,
			);
			name = InfoPlist.strings;
			sourceTree = "<group>";
		};
		6E19119119A3A46E00BA4F62 /* Main_iPhone.storyboard */ = {
			isa = PBXVariantGroup;
			children = (
				6E19119219A3A46E00BA4F62 /* Base */,
			);
			name = Main_iPhone.storyboard;
			sourceTree = "<group>";
		};
		6E19119419A3A46E00BA4F62 /* Main_iPad.storyboard */ = {
			isa = PBXVariantGroup;
			children = (
				6E19119519A3A46E00BA4F62 /* Base */,
			);
			name = Main_iPad.storyboard;
			sourceTree = "<group>";
		};
		6E1911AA19A3A46E00BA4F62 /* InfoPlist.strings */ = {
			isa = PBXVariantGroup;
			children = (
				6E1911AB19A3A46E00BA4F62 /* en */,
			);
			name = InfoPlist.strings;
			sourceTree = "<group>";
		};
/* End PBXVariantGroup section */

/* Begin XCBuildConfiguration section */
		6E1911AF19A3A46E00BA4F62 /* Debug */ = {
			isa = XCBuildConfiguration;
			buildSettings = {
				ALWAYS_SEARCH_USER_PATHS = NO;
				CLANG_CXX_LANGUAGE_STANDARD = "gnu++0x";
				CLANG_CXX_LIBRARY = "libc++";
				CLANG_ENABLE_MODULES = YES;
				CLANG_ENABLE_OBJC_ARC = YES;
				CLANG_WARN_BOOL_CONVERSION = YES;
				CLANG_WARN_CONSTANT_CONVERSION = YES;
				CLANG_WARN_DIRECT_OBJC_ISA_USAGE = YES_ERROR;
				CLANG_WARN_EMPTY_BODY = YES;
				CLANG_WARN_ENUM_CONVERSION = YES;
				CLANG_WARN_INT_CONVERSION = YES;
				CLANG_WARN_OBJC_ROOT_CLASS = YES_ERROR;
				CLANG_WARN__DUPLICATE_METHOD_MATCH = YES;
				"CODE_SIGN_IDENTITY[sdk=iphoneos*]" = "iPhone Developer";
				COPY_PHASE_STRIP = NO;
				GCC_C_LANGUAGE_STANDARD = gnu99;
				GCC_DYNAMIC_NO_PIC = NO;
				GCC_OPTIMIZATION_LEVEL = 0;
				GCC_PREPROCESSOR_DEFINITIONS = (
					"DEBUG=1",
					"$(inherited)",
				);
				GCC_SYMBOLS_PRIVATE_EXTERN = NO;
				GCC_WARN_64_TO_32_BIT_CONVERSION = YES;
				GCC_WARN_ABOUT_RETURN_TYPE = YES_ERROR;
				GCC_WARN_UNDECLARED_SELECTOR = YES;
				GCC_WARN_UNINITIALIZED_AUTOS = YES_AGGRESSIVE;
				GCC_WARN_UNUSED_FUNCTION = YES;
				GCC_WARN_UNUSED_VARIABLE = YES;
				IPHONEOS_DEPLOYMENT_TARGET = 7.1;
				ONLY_ACTIVE_ARCH = YES;
				SDKROOT = iphoneos;
				TARGETED_DEVICE_FAMILY = "1,2";
			};
			name = Debug;
		};
		6E1911B019A3A46E00BA4F62 /* Release */ = {
			isa = XCBuildConfiguration;
			buildSettings = {
				ALWAYS_SEARCH_USER_PATHS = NO;
				CLANG_CXX_LANGUAGE_STANDARD = "gnu++0x";
				CLANG_CXX_LIBRARY = "libc++";
				CLANG_ENABLE_MODULES = YES;
				CLANG_ENABLE_OBJC_ARC = YES;
				CLANG_WARN_BOOL_CONVERSION = YES;
				CLANG_WARN_CONSTANT_CONVERSION = YES;
				CLANG_WARN_DIRECT_OBJC_ISA_USAGE = YES_ERROR;
				CLANG_WARN_EMPTY_BODY = YES;
				CLANG_WARN_ENUM_CONVERSION = YES;
				CLANG_WARN_INT_CONVERSION = YES;
				CLANG_WARN_OBJC_ROOT_CLASS = YES_ERROR;
				CLANG_WARN__DUPLICATE_METHOD_MATCH = YES;
				"CODE_SIGN_IDENTITY[sdk=iphoneos*]" = "iPhone Developer";
				COPY_PHASE_STRIP = YES;
				ENABLE_NS_ASSERTIONS = NO;
				GCC_C_LANGUAGE_STANDARD = gnu99;
				GCC_WARN_64_TO_32_BIT_CONVERSION = YES;
				GCC_WARN_ABOUT_RETURN_TYPE = YES_ERROR;
				GCC_WARN_UNDECLARED_SELECTOR = YES;
				GCC_WARN_UNINITIALIZED_AUTOS = YES_AGGRESSIVE;
				GCC_WARN_UNUSED_FUNCTION = YES;
				GCC_WARN_UNUSED_VARIABLE = YES;
				IPHONEOS_DEPLOYMENT_TARGET = 7.1;
				SDKROOT = iphoneos;
				TARGETED_DEVICE_FAMILY = "1,2";
				VALIDATE_PRODUCT = YES;
			};
			name = Release;
		};
		6E1911B219A3A46E00BA4F62 /* Debug */ = {
			isa = XCBuildConfiguration;
			baseConfigurationReference = D9BFE52A7A2A42139572BAF9 /* Pods.xcconfig */;
			buildSettings = {
				ASSETCATALOG_COMPILER_APPICON_NAME = AppIcon;
				ASSETCATALOG_COMPILER_LAUNCHIMAGE_NAME = LaunchImage;
				GCC_PRECOMPILE_PREFIX_HEADER = YES;
				GCC_PREFIX_HEADER = "FoursquareMapView/FoursquareMapView-Prefix.pch";
				INFOPLIST_FILE = "FoursquareMapView/FoursquareMapView-Info.plist";
				PRODUCT_NAME = "$(TARGET_NAME)";
				WRAPPER_EXTENSION = app;
			};
			name = Debug;
		};
		6E1911B319A3A46E00BA4F62 /* Release */ = {
			isa = XCBuildConfiguration;
			baseConfigurationReference = D9BFE52A7A2A42139572BAF9 /* Pods.xcconfig */;
			buildSettings = {
				ASSETCATALOG_COMPILER_APPICON_NAME = AppIcon;
				ASSETCATALOG_COMPILER_LAUNCHIMAGE_NAME = LaunchImage;
				GCC_PRECOMPILE_PREFIX_HEADER = YES;
				GCC_PREFIX_HEADER = "FoursquareMapView/FoursquareMapView-Prefix.pch";
				INFOPLIST_FILE = "FoursquareMapView/FoursquareMapView-Info.plist";
				PRODUCT_NAME = "$(TARGET_NAME)";
				WRAPPER_EXTENSION = app;
			};
			name = Release;
		};
		6E1911B519A3A46E00BA4F62 /* Debug */ = {
			isa = XCBuildConfiguration;
			buildSettings = {
				BUNDLE_LOADER = "$(BUILT_PRODUCTS_DIR)/FoursquareMapView.app/FoursquareMapView";
				FRAMEWORK_SEARCH_PATHS = (
					"$(SDKROOT)/Developer/Library/Frameworks",
					"$(inherited)",
					"$(DEVELOPER_FRAMEWORKS_DIR)",
				);
				GCC_PRECOMPILE_PREFIX_HEADER = YES;
				GCC_PREFIX_HEADER = "FoursquareMapView/FoursquareMapView-Prefix.pch";
				GCC_PREPROCESSOR_DEFINITIONS = (
					"DEBUG=1",
					"$(inherited)",
				);
				INFOPLIST_FILE = "FoursquareMapViewTests/FoursquareMapViewTests-Info.plist";
				PRODUCT_NAME = "$(TARGET_NAME)";
				TEST_HOST = "$(BUNDLE_LOADER)";
				WRAPPER_EXTENSION = xctest;
			};
			name = Debug;
		};
		6E1911B619A3A46E00BA4F62 /* Release */ = {
			isa = XCBuildConfiguration;
			buildSettings = {
				BUNDLE_LOADER = "$(BUILT_PRODUCTS_DIR)/FoursquareMapView.app/FoursquareMapView";
				FRAMEWORK_SEARCH_PATHS = (
					"$(SDKROOT)/Developer/Library/Frameworks",
					"$(inherited)",
					"$(DEVELOPER_FRAMEWORKS_DIR)",
				);
				GCC_PRECOMPILE_PREFIX_HEADER = YES;
				GCC_PREFIX_HEADER = "FoursquareMapView/FoursquareMapView-Prefix.pch";
				INFOPLIST_FILE = "FoursquareMapViewTests/FoursquareMapViewTests-Info.plist";
				PRODUCT_NAME = "$(TARGET_NAME)";
				TEST_HOST = "$(BUNDLE_LOADER)";
				WRAPPER_EXTENSION = xctest;
			};
			name = Release;
		};
/* End XCBuildConfiguration section */

/* Begin XCConfigurationList section */
		6E19117719A3A46E00BA4F62 /* Build configuration list for PBXProject "FoursquareMapView" */ = {
			isa = XCConfigurationList;
			buildConfigurations = (
				6E1911AF19A3A46E00BA4F62 /* Debug */,
				6E1911B019A3A46E00BA4F62 /* Release */,
			);
			defaultConfigurationIsVisible = 0;
			defaultConfigurationName = Release;
		};
		6E1911B119A3A46E00BA4F62 /* Build configuration list for PBXNativeTarget "FoursquareMapView" */ = {
			isa = XCConfigurationList;
			buildConfigurations = (
				6E1911B219A3A46E00BA4F62 /* Debug */,
				6E1911B319A3A46E00BA4F62 /* Release */,
			);
			defaultConfigurationIsVisible = 0;
			defaultConfigurationName = Release;
		};
		6E1911B419A3A46E00BA4F62 /* Build configuration list for PBXNativeTarget "FoursquareMapViewTests" */ = {
			isa = XCConfigurationList;
			buildConfigurations = (
				6E1911B519A3A46E00BA4F62 /* Debug */,
				6E1911B619A3A46E00BA4F62 /* Release */,
			);
			defaultConfigurationIsVisible = 0;
			defaultConfigurationName = Release;
		};
/* End XCConfigurationList section */
	};
	rootObject = 6E19117419A3A46E00BA4F62 /* Project object */;
}
